
Microsoft Visual Studio Solution File, Format Version 12.00
# Visual Studio 15
VisualStudioVersion = 15.0.28010.2046
MinimumVisualStudioVersion = 10.0.40219.1
Project("{9A19103F-16F7-4668-BE54-9A1E7A4F7556}") = "BFS", "BFS-Processor\BFS.csproj", "{82AB3A43-FAD7-4B23-9304-C5A67F3BBB9E}"
EndProject
Project("{FAE04EC0-301F-11D3-BF4B-00C04F79EFBC}") = "BFS-Client", "BFS-Client\BFS-Client.csproj", "{1DE8B206-14DE-4514-A745-79E6A68F2293}"
EndProject
Global
	GlobalSection(SolutionConfigurationPlatforms) = preSolution
		Debug|Any CPU = Debug|Any CPU
		Release|Any CPU = Release|Any CPU
	EndGlobalSection
	GlobalSection(ProjectConfigurationPlatforms) = postSolution
		{82AB3A43-FAD7-4B23-9304-C5A67F3BBB9E}.Debug|Any CPU.ActiveCfg = Debug|Any CPU
		{82AB3A43-FAD7-4B23-9304-C5A67F3BBB9E}.Debug|Any CPU.Build.0 = Debug|Any CPU
		{82AB3A43-FAD7-4B23-9304-C5A67F3BBB9E}.Release|Any CPU.ActiveCfg = Release|Any CPU
		{82AB3A43-FAD7-4B23-9304-C5A67F3BBB9E}.Release|Any CPU.Build.0 = Release|Any CPU
		{1DE8B206-14DE-4514-A745-79E6A68F2293}.Debug|Any CPU.ActiveCfg = Debug|Any CPU
		{1DE8B206-14DE-4514-A745-79E6A68F2293}.Debug|Any CPU.Build.0 = Debug|Any CPU
		{1DE8B206-14DE-4514-A745-79E6A68F2293}.Release|Any CPU.ActiveCfg = Release|Any CPU
		{1DE8B206-14DE-4514-A745-79E6A68F2293}.Release|Any CPU.Build.0 = Release|Any CPU
	EndGlobalSection
	GlobalSection(SolutionProperties) = preSolution
		HideSolutionNode = FALSE
	EndGlobalSection
	GlobalSection(ExtensibilityGlobals) = postSolution
		SolutionGuid = {00EA8CDA-3BC5-4F59-AE2A-0C802C58FD26}
	EndGlobalSection
EndGlobal
